
Microsoft Visual Studio Solution File, Format Version 12.00
# Visual Studio Version 16
VisualStudioVersion = 16.0.30128.74
MinimumVisualStudioVersion = 10.0.40219.1
Project("{FAE04EC0-301F-11D3-BF4B-00C04F79EFBC}") = "WindowsFormsApp13", "WindowsFormsApp13\WindowsFormsApp13.csproj", "{543F920D-CB53-4B64-BFC7-73A1A946CC98}"
EndProject
Global
	GlobalSection(SolutionConfigurationPlatforms) = preSolution
		Debug|Any CPU = Debug|Any CPU
		Release|Any CPU = Release|Any CPU
	EndGlobalSection
	GlobalSection(ProjectConfigurationPlatforms) = postSolution
		{543F920D-CB53-4B64-BFC7-73A1A946CC98}.Debug|Any CPU.ActiveCfg = Debug|Any CPU
		{543F920D-CB53-4B64-BFC7-73A1A946CC98}.Debug|Any CPU.Build.0 = Debug|Any CPU
		{543F920D-CB53-4B64-BFC7-73A1A946CC98}.Release|Any CPU.ActiveCfg = Release|Any CPU
		{543F920D-CB53-4B64-BFC7-73A1A946CC98}.Release|Any CPU.Build.0 = Release|Any CPU
	EndGlobalSection
	GlobalSection(SolutionProperties) = preSolution
		HideSolutionNode = FALSE
	EndGlobalSection
	GlobalSection(ExtensibilityGlobals) = postSolution
		SolutionGuid = {6E4FDA63-45B5-4361-8EC8-C505FD828B05}
	EndGlobalSection
EndGlobal
